{
  "requires": true,
  "lockfileVersion": 1,
  "dependencies": {
    "@babel/runtime": {
      "version": "7.6.3",
      "resolved": "https://registry.npmjs.org/@babel/runtime/-/runtime-7.6.3.tgz",
      "integrity": "sha512-kq6anf9JGjW8Nt5rYfEuGRaEAaH1mkv3Bbu6rYvLOpPh/RusSJXuKPEAoZ7L7gybZkchE8+NV5g9vKF4AGAtsA==",
      "requires": {
        "regenerator-runtime": "^0.13.2"
      }
    },
    "@u-wave/react-vimeo": {
      "version": "0.8.1",
      "resolved": "https://registry.npmjs.org/@u-wave/react-vimeo/-/react-vimeo-0.8.1.tgz",
      "integrity": "sha512-A6e0lBP/H04h7hhBjARj8u7Tl1HNE1eNb1tn0YMGQCRZK2AP1HiU/EGCUJSDYkXzWeMUqAdU6hPbEjro4KywWg==",
      "requires": {
        "@vimeo/player": "^2.9.1",
        "prop-types": "^15.6.1"
      }
    },
    "@vimeo/player": {
      "version": "2.10.0",
      "resolved": "https://registry.npmjs.org/@vimeo/player/-/player-2.10.0.tgz",
      "integrity": "sha512-tG2M+9D92P4uJAmIwJmYHxZXtUKofT12Zu1iG7m03Q/GFt41kwJRMkfO2ZDU8BLrsG3AIt2hKkw776tDIR1Iuw==",
      "requires": {
        "native-promise-only": "0.8.1",
        "weakmap-polyfill": "2.0.0"
      }
    },
    "axios": {
      "version": "0.19.0",
      "resolved": "https://registry.npmjs.org/axios/-/axios-0.19.0.tgz",
      "integrity": "sha512-1uvKqKQta3KBxIz14F2v06AEHZ/dIoeKfbTRkK1E5oqjDnuEerLmYTgJB5AiQZHJcljpg1TuRzdjDR06qNk0DQ==",
      "requires": {
        "follow-redirects": "1.5.10",
        "is-buffer": "^2.0.2"
      }
    },
    "classnames": {
      "version": "2.2.6",
      "resolved": "https://registry.npmjs.org/classnames/-/classnames-2.2.6.tgz",
      "integrity": "sha512-JR/iSQOSt+LQIWwrwEzJ9uk0xfN3mTVYMwt1Ir5mUcSN6pU+V4zQFFaJsclJbPuAUQH+yfWef6tm7l1quW3C8Q=="
    },
    "create-react-context": {
      "version": "0.3.0",
      "resolved": "https://registry.npmjs.org/create-react-context/-/create-react-context-0.3.0.tgz",
      "integrity": "sha512-dNldIoSuNSvlTJ7slIKC/ZFGKexBMBrrcc+TTe1NdmROnaASuLPvqpwj9v4XS4uXZ8+YPu0sNmShX2rXI5LNsw==",
      "requires": {
        "gud": "^1.0.0",
        "warning": "^4.0.3"
      }
    },
    "debug": {
      "version": "2.6.9",
      "resolved": "https://registry.npmjs.org/debug/-/debug-2.6.9.tgz",
      "integrity": "sha512-bC7ElrdJaJnPbAP+1EotYvqZsb3ecl5wi6Bfi6BJTUcNowp6cvspg0jXznRTKDjm/E7AdgFBVeAPVMNcKGsHMA==",
      "requires": {
        "ms": "2.0.0"
      }
    },
    "deepmerge": {
      "version": "4.2.1",
      "resolved": "https://registry.npmjs.org/deepmerge/-/deepmerge-4.2.1.tgz",
      "integrity": "sha512-32P7FIV6JKt0hPMFNlWFytzVGpppYHFKdnhFUEMXheWc8Lw4HnHEzJa5yxhaQedDAXv2SI6zD7+UbqnC5k9g9Q=="
    },
    "dom-helpers": {
      "version": "3.4.0",
      "resolved": "https://registry.npmjs.org/dom-helpers/-/dom-helpers-3.4.0.tgz",
      "integrity": "sha512-LnuPJ+dwqKDIyotW1VzmOZ5TONUN7CwkCR5hrgawTUbkBGYdeoNLZo6nNfGkCrjtE1nXXaj7iMMpDa8/d9WoIA==",
      "requires": {
        "@babel/runtime": "^7.1.2"
      }
    },
    "follow-redirects": {
      "version": "1.5.10",
      "resolved": "https://registry.npmjs.org/follow-redirects/-/follow-redirects-1.5.10.tgz",
      "integrity": "sha512-0V5l4Cizzvqt5D44aTXbFZz+FtyXV1vrDN6qrelxtfYQKW0KO0W2T/hkE8xvGa/540LkZlkaUjO4ailYTFtHVQ==",
      "requires": {
        "debug": "=3.1.0"
      },
      "dependencies": {
        "debug": {
          "version": "3.1.0",
          "resolved": "https://registry.npmjs.org/debug/-/debug-3.1.0.tgz",
          "integrity": "sha512-OX8XqP7/1a9cqkxYw2yXss15f26NKWBpDXQd0/uK/KPqdQhxbPa994hnzjcE2VqQpDslf55723cKPUOGSmMY3g==",
          "requires": {
            "ms": "2.0.0"
          }
        }
      }
    },
    "gud": {
      "version": "1.0.0",
      "resolved": "https://registry.npmjs.org/gud/-/gud-1.0.0.tgz",
      "integrity": "sha512-zGEOVKFM5sVPPrYs7J5/hYEw2Pof8KCyOwyhG8sAF26mCAeUFAcYPu1mwB7hhpIP29zOIBaDqwuHdLp0jvZXjw=="
    },
    "is-buffer": {
      "version": "2.0.4",
      "resolved": "https://registry.npmjs.org/is-buffer/-/is-buffer-2.0.4.tgz",
      "integrity": "sha512-Kq1rokWXOPXWuaMAqZiJW4XxsmD9zGx9q4aePabbn3qCRGedtH7Cm+zV8WETitMfu1wdh+Rvd6w5egwSngUX2A=="
    },
    "js-tokens": {
      "version": "4.0.0",
      "resolved": "https://registry.npmjs.org/js-tokens/-/js-tokens-4.0.0.tgz",
      "integrity": "sha512-RdJUflcE3cUzKiMqQgsCu06FPu9UdIJO0beYbPhHN4k6apgJtifcoCtT9bcxOpYBtpD2kCM6Sbzg4CausW/PKQ=="
    },
    "jsonp": {
      "version": "0.2.1",
      "resolved": "https://registry.npmjs.org/jsonp/-/jsonp-0.2.1.tgz",
      "integrity": "sha1-pltPoPEL2nGaBUQep7lMVfPhW64=",
      "requires": {
        "debug": "^2.1.3"
      }
    },
    "keymirror": {
      "version": "0.1.1",
      "resolved": "https://registry.npmjs.org/keymirror/-/keymirror-0.1.1.tgz",
      "integrity": "sha1-kYiJ6hP40KQufFVyUO7nE63JXDU="
    },
    "load-script": {
      "version": "1.0.0",
      "resolved": "https://registry.npmjs.org/load-script/-/load-script-1.0.0.tgz",
      "integrity": "sha1-BJGTngvuVkPuSUp+PaPSuscMbKQ="
    },
    "lodash.throttle": {
      "version": "4.1.1",
      "resolved": "https://registry.npmjs.org/lodash.throttle/-/lodash.throttle-4.1.1.tgz",
      "integrity": "sha1-wj6RtxAkKscMN/HhzaknTMOb8vQ="
    },
    "loose-envify": {
      "version": "1.4.0",
      "resolved": "https://registry.npmjs.org/loose-envify/-/loose-envify-1.4.0.tgz",
      "integrity": "sha512-lyuxPGr/Wfhrlem2CL/UcnUc1zcqKAImBDzukY7Y5F/yQiNdko6+fRLevlw1HgMySw7f611UIY408EtxRSoK3Q==",
      "requires": {
        "js-tokens": "^3.0.0 || ^4.0.0"
      }
    },
    "ms": {
      "version": "2.0.0",
      "resolved": "https://registry.npmjs.org/ms/-/ms-2.0.0.tgz",
      "integrity": "sha1-VgiurfwAvmwpAd9fmGF4jeDVl8g="
    },
    "native-promise-only": {
      "version": "0.8.1",
      "resolved": "https://registry.npmjs.org/native-promise-only/-/native-promise-only-0.8.1.tgz",
      "integrity": "sha1-IKMYwwy0X3H+et+/eyHJnBRy7xE="
    },
    "object-assign": {
      "version": "4.1.1",
      "resolved": "https://registry.npmjs.org/object-assign/-/object-assign-4.1.1.tgz",
      "integrity": "sha1-IQmtx5ZYh8/AXLvUQsrIv7s2CGM="
    },
    "popper.js": {
      "version": "1.16.0",
      "resolved": "https://registry.npmjs.org/popper.js/-/popper.js-1.16.0.tgz",
      "integrity": "sha512-+G+EkOPoE5S/zChTpmBSSDYmhXJ5PsW8eMhH8cP/CQHMFPBG/kC9Y5IIw6qNYgdJ+/COf0ddY2li28iHaZRSjw=="
    },
    "prop-types": {
      "version": "15.7.2",
      "resolved": "https://registry.npmjs.org/prop-types/-/prop-types-15.7.2.tgz",
      "integrity": "sha512-8QQikdH7//R2vurIJSutZ1smHYTcLpRWEOlHnzcWHmBYrOGUysKwSsrC89BCiFj3CbrfJ/nXFdJepOVrY1GCHQ==",
      "requires": {
        "loose-envify": "^1.4.0",
        "object-assign": "^4.1.1",
        "react-is": "^16.8.1"
      }
    },
    "react-is": {
      "version": "16.10.2",
      "resolved": "https://registry.npmjs.org/react-is/-/react-is-16.10.2.tgz",
      "integrity": "sha512-INBT1QEgtcCCgvccr5/86CfD71fw9EPmDxgiJX4I2Ddr6ZsV6iFXsuby+qWJPtmNuMY0zByTsG4468P7nHuNWA=="
    },
    "react-lifecycles-compat": {
      "version": "3.0.4",
      "resolved": "https://registry.npmjs.org/react-lifecycles-compat/-/react-lifecycles-compat-3.0.4.tgz",
      "integrity": "sha512-fBASbA6LnOU9dOU2eW7aQ8xmYBSXUIWr+UmF9b1efZBazGNO+rcXT/icdKnYm2pTwcRylVUYwW7H1PHfLekVzA=="
    },
    "react-player": {
      "version": "1.13.0",
      "resolved": "https://registry.npmjs.org/react-player/-/react-player-1.13.0.tgz",
      "integrity": "sha512-3Ti5ncYCPZ/Xqtm2KH+FadQtTZXwOguKypjYxYvu2EmYRECCoXutbC/He2Z7uBrb/7tzNEvqoHfZLj/1RPNTKg==",
      "requires": {
        "deepmerge": "^4.0.0",
        "load-script": "^1.0.0",
        "prop-types": "^15.7.2"
      }
    },
    "react-popper": {
      "version": "1.3.4",
      "resolved": "https://registry.npmjs.org/react-popper/-/react-popper-1.3.4.tgz",
      "integrity": "sha512-9AcQB29V+WrBKk6X7p0eojd1f25/oJajVdMZkywIoAV6Ag7hzE1Mhyeup2Q1QnvFRtGQFQvtqfhlEoDAPfKAVA==",
      "requires": {
        "@babel/runtime": "^7.1.2",
        "create-react-context": "^0.3.0",
        "popper.js": "^1.14.4",
        "prop-types": "^15.6.1",
        "typed-styles": "^0.0.7",
        "warning": "^4.0.2"
      }
    },
    "react-transition-group": {
      "version": "2.9.0",
      "resolved": "https://registry.npmjs.org/react-transition-group/-/react-transition-group-2.9.0.tgz",
      "integrity": "sha512-+HzNTCHpeQyl4MJ/bdE0u6XRMe9+XG/+aL4mCxVN4DnPBQ0/5bfHWPDuOZUzYdMj94daZaZdCCc1Dzt9R/xSSg==",
      "requires": {
        "dom-helpers": "^3.4.0",
        "loose-envify": "^1.4.0",
        "prop-types": "^15.6.2",
        "react-lifecycles-compat": "^3.0.4"
      }
    },
    "react-vimeo": {
      "version": "2.0.0",
      "resolved": "https://registry.npmjs.org/react-vimeo/-/react-vimeo-2.0.0.tgz",
      "integrity": "sha512-wRjoH/b3khsRNb5i4RAyefWQBKUnKdhLWlnqDabOI7du8vZSEluRNTiGYQ23bmFJBUu1RHhb7gTS5WI1VeUkiA==",
      "requires": {
        "debug": "^2.2.0",
        "jsonp": "^0.2.0",
        "keymirror": "^0.1.1"
      }
    },
    "reactstrap": {
      "version": "8.1.1",
      "resolved": "https://registry.npmjs.org/reactstrap/-/reactstrap-8.1.1.tgz",
      "integrity": "sha512-m4IIdTHBT5wtcPts4w4rYngKuqIUC1BpncVxCTeIj4BQDxwjdab0gGyKJKfgXgArn6iI6syiDyez/h2tLWFjsw==",
      "requires": {
        "@babel/runtime": "^7.2.0",
        "classnames": "^2.2.3",
        "prop-types": "^15.5.8",
        "react-lifecycles-compat": "^3.0.4",
        "react-popper": "^1.3.3",
        "react-transition-group": "^2.3.1"
      }
    },
    "redux": {
      "version": "4.0.4",
      "resolved": "https://registry.npmjs.org/redux/-/redux-4.0.4.tgz",
      "integrity": "sha512-vKv4WdiJxOWKxK0yRoaK3Y4pxxB0ilzVx6dszU2W8wLxlb2yikRph4iV/ymtdJ6ZxpBLFbyrxklnT5yBbQSl3Q==",
      "requires": {
        "loose-envify": "^1.4.0",
        "symbol-observable": "^1.2.0"
      }
    },
    "regenerator-runtime": {
      "version": "0.13.3",
      "resolved": "https://registry.npmjs.org/regenerator-runtime/-/regenerator-runtime-0.13.3.tgz",
      "integrity": "sha512-naKIZz2GQ8JWh///G7L3X6LaQUAMp2lvb1rvwwsURe/VXwD6VMfr+/1NuNw3ag8v2kY1aQ/go5SNn79O9JU7yw=="
    },
    "symbol-observable": {
      "version": "1.2.0",
      "resolved": "https://registry.npmjs.org/symbol-observable/-/symbol-observable-1.2.0.tgz",
      "integrity": "sha512-e900nM8RRtGhlV36KGEU9k65K3mPb1WV70OdjfxlG2EAuM1noi/E/BaW/uMhL7bPEssK8QV57vN3esixjUvcXQ=="
    },
    "typed-styles": {
      "version": "0.0.7",
      "resolved": "https://registry.npmjs.org/typed-styles/-/typed-styles-0.0.7.tgz",
      "integrity": "sha512-pzP0PWoZUhsECYjABgCGQlRGL1n7tOHsgwYv3oIiEpJwGhFTuty/YNeduxQYzXXa3Ge5BdT6sHYIQYpl4uJ+5Q=="
    },
    "validator": {
      "version": "11.1.0",
      "resolved": "https://registry.npmjs.org/validator/-/validator-11.1.0.tgz",
      "integrity": "sha512-qiQ5ktdO7CD6C/5/mYV4jku/7qnqzjrxb3C/Q5wR3vGGinHTgJZN/TdFT3ZX4vXhX2R1PXx42fB1cn5W+uJ4lg=="
    },
    "video-react": {
      "version": "0.14.1",
      "resolved": "https://registry.npmjs.org/video-react/-/video-react-0.14.1.tgz",
      "integrity": "sha512-R5ClJo58iJcQLS+bGNmuAMc/fx9/xcJ6oLrAlbuu7MGI49Jh7b7o79aUdQMZvzuynT1NvhVmD4N/fTOEmWNDlg==",
      "requires": {
        "@babel/runtime": "^7.4.5",
        "classnames": "^2.2.6",
        "lodash.throttle": "^4.1.1",
        "prop-types": "^15.7.2",
        "redux": "^4.0.1"
      }
    },
    "warning": {
      "version": "4.0.3",
      "resolved": "https://registry.npmjs.org/warning/-/warning-4.0.3.tgz",
      "integrity": "sha512-rpJyN222KWIvHJ/F53XSZv0Zl/accqHR8et1kpaMTD/fLCRxtV8iX8czMzY7sVZupTI3zcUTg8eycS2kNF9l6w==",
      "requires": {
        "loose-envify": "^1.0.0"
      }
    },
    "weakmap-polyfill": {
      "version": "2.0.0",
      "resolved": "https://registry.npmjs.org/weakmap-polyfill/-/weakmap-polyfill-2.0.0.tgz",
      "integrity": "sha1-jyj5NeOFOJatQHR+UljbV42dyN4="
    }
  }
}
